# This file is generated by running "yarn install" inside your project.
# Manual changes might be lost - proceed with caution!

__metadata:
  version: 8
  cacheKey: 10c0

"@esbuild/aix-ppc64@npm:0.19.10":
  version: 0.19.10
  resolution: "@esbuild/aix-ppc64@npm:0.19.10"
  conditions: os=aix & cpu=ppc64
  languageName: node
  linkType: hard

"@esbuild/android-arm64@npm:0.19.10":
  version: 0.19.10
  resolution: "@esbuild/android-arm64@npm:0.19.10"
  conditions: os=android & cpu=arm64
  languageName: node
  linkType: hard

"@esbuild/android-arm@npm:0.19.10":
  version: 0.19.10
  resolution: "@esbuild/android-arm@npm:0.19.10"
  conditions: os=android & cpu=arm
  languageName: node
  linkType: hard

"@esbuild/android-x64@npm:0.19.10":
  version: 0.19.10
  resolution: "@esbuild/android-x64@npm:0.19.10"
  conditions: os=android & cpu=x64
  languageName: node
  linkType: hard

"@esbuild/darwin-arm64@npm:0.19.10":
  version: 0.19.10
  resolution: "@esbuild/darwin-arm64@npm:0.19.10"
  conditions: os=darwin & cpu=arm64
  languageName: node
  linkType: hard

"@esbuild/darwin-x64@npm:0.19.10":
  version: 0.19.10
  resolution: "@esbuild/darwin-x64@npm:0.19.10"
  conditions: os=darwin & cpu=x64
  languageName: node
  linkType: hard

"@esbuild/freebsd-arm64@npm:0.19.10":
  version: 0.19.10
  resolution: "@esbuild/freebsd-arm64@npm:0.19.10"
  conditions: os=freebsd & cpu=arm64
  languageName: node
  linkType: hard

"@esbuild/freebsd-x64@npm:0.19.10":
  version: 0.19.10
  resolution: "@esbuild/freebsd-x64@npm:0.19.10"
  conditions: os=freebsd & cpu=x64
  languageName: node
  linkType: hard

"@esbuild/linux-arm64@npm:0.19.10":
  version: 0.19.10
  resolution: "@esbuild/linux-arm64@npm:0.19.10"
  conditions: os=linux & cpu=arm64
  languageName: node
  linkType: hard

"@esbuild/linux-arm@npm:0.19.10":
  version: 0.19.10
  resolution: "@esbuild/linux-arm@npm:0.19.10"
  conditions: os=linux & cpu=arm
  languageName: node
  linkType: hard

"@esbuild/linux-ia32@npm:0.19.10":
  version: 0.19.10
  resolution: "@esbuild/linux-ia32@npm:0.19.10"
  conditions: os=linux & cpu=ia32
  languageName: node
  linkType: hard

"@esbuild/linux-loong64@npm:0.19.10":
  version: 0.19.10
  resolution: "@esbuild/linux-loong64@npm:0.19.10"
  conditions: os=linux & cpu=loong64
  languageName: node
  linkType: hard

"@esbuild/linux-mips64el@npm:0.19.10":
  version: 0.19.10
  resolution: "@esbuild/linux-mips64el@npm:0.19.10"
  conditions: os=linux & cpu=mips64el
  languageName: node
  linkType: hard

"@esbuild/linux-ppc64@npm:0.19.10":
  version: 0.19.10
  resolution: "@esbuild/linux-ppc64@npm:0.19.10"
  conditions: os=linux & cpu=ppc64
  languageName: node
  linkType: hard

"@esbuild/linux-riscv64@npm:0.19.10":
  version: 0.19.10
  resolution: "@esbuild/linux-riscv64@npm:0.19.10"
  conditions: os=linux & cpu=riscv64
  languageName: node
  linkType: hard

"@esbuild/linux-s390x@npm:0.19.10":
  version: 0.19.10
  resolution: "@esbuild/linux-s390x@npm:0.19.10"
  conditions: os=linux & cpu=s390x
  languageName: node
  linkType: hard

"@esbuild/linux-x64@npm:0.19.10":
  version: 0.19.10
  resolution: "@esbuild/linux-x64@npm:0.19.10"
  conditions: os=linux & cpu=x64
  languageName: node
  linkType: hard

"@esbuild/netbsd-x64@npm:0.19.10":
  version: 0.19.10
  resolution: "@esbuild/netbsd-x64@npm:0.19.10"
  conditions: os=netbsd & cpu=x64
  languageName: node
  linkType: hard

"@esbuild/openbsd-x64@npm:0.19.10":
  version: 0.19.10
  resolution: "@esbuild/openbsd-x64@npm:0.19.10"
  conditions: os=openbsd & cpu=x64
  languageName: node
  linkType: hard

"@esbuild/sunos-x64@npm:0.19.10":
  version: 0.19.10
  resolution: "@esbuild/sunos-x64@npm:0.19.10"
  conditions: os=sunos & cpu=x64
  languageName: node
  linkType: hard

"@esbuild/win32-arm64@npm:0.19.10":
  version: 0.19.10
  resolution: "@esbuild/win32-arm64@npm:0.19.10"
  conditions: os=win32 & cpu=arm64
  languageName: node
  linkType: hard

"@esbuild/win32-ia32@npm:0.19.10":
  version: 0.19.10
  resolution: "@esbuild/win32-ia32@npm:0.19.10"
  conditions: os=win32 & cpu=ia32
  languageName: node
  linkType: hard

"@esbuild/win32-x64@npm:0.19.10":
  version: 0.19.10
  resolution: "@esbuild/win32-x64@npm:0.19.10"
  conditions: os=win32 & cpu=x64
  languageName: node
  linkType: hard

"@types/prop-types@npm:*":
  version: 15.7.11
  resolution: "@types/prop-types@npm:15.7.11"
  checksum: e53423cf9d510515ef8b47ff42f4f1b65a7b7b37c8704e2dbfcb9a60defe0c0e1f3cb1acfdeb466bad44ca938d7c79bffdd51b48ffb659df2432169d0b27a132
  languageName: node
  linkType: hard

"@types/react-dom@npm:^18.2.18":
  version: 18.2.18
  resolution: "@types/react-dom@npm:18.2.18"
  dependencies:
    "@types/react": "npm:*"
  checksum: 74dba11a1b8156f3a763f3fca1fb4ec1dcd349153279b8bf79210024a69f994bf2cf0728198c047f8130c5318420ea56281b0a4ef84c8ae943cd9a0cac705220
  languageName: node
  linkType: hard

"@types/react@npm:*, @types/react@npm:^18.2.46":
  version: 18.2.46
  resolution: "@types/react@npm:18.2.46"
  dependencies:
    "@types/prop-types": "npm:*"
    "@types/scheduler": "npm:*"
    csstype: "npm:^3.0.2"
  checksum: 814cc67107e5e69501d65bfc371cc2c716665d2a3608d395a2f81e24c3a2875db28e2cad717dfb17017eabcffd1d68ee2c9e09ecaba3f7108d5b7fbb9888ebab
  languageName: node
  linkType: hard

"@types/scheduler@npm:*":
  version: 0.16.8
  resolution: "@types/scheduler@npm:0.16.8"
  checksum: f86de504945b8fc41b1f391f847444d542e2e4067cf7e5d9bfeb5d2d2393d3203b1161bc0ef3b1e104d828dabfb60baf06e8d2c27e27ff7e8258e6e618d8c4ec
  languageName: node
  linkType: hard

"csstype@npm:^3.0.2":
  version: 3.1.3
  resolution: "csstype@npm:3.1.3"
  checksum: 80c089d6f7e0c5b2bd83cf0539ab41474198579584fa10d86d0cafe0642202343cbc119e076a0b1aece191989477081415d66c9fefbf3c957fc2fc4b7009f248
  languageName: node
  linkType: hard

"esbuild@npm:^0.19.10":
  version: 0.19.10
  resolution: "esbuild@npm:0.19.10"
  dependencies:
    "@esbuild/aix-ppc64": "npm:0.19.10"
    "@esbuild/android-arm": "npm:0.19.10"
    "@esbuild/android-arm64": "npm:0.19.10"
    "@esbuild/android-x64": "npm:0.19.10"
    "@esbuild/darwin-arm64": "npm:0.19.10"
    "@esbuild/darwin-x64": "npm:0.19.10"
    "@esbuild/freebsd-arm64": "npm:0.19.10"
    "@esbuild/freebsd-x64": "npm:0.19.10"
    "@esbuild/linux-arm": "npm:0.19.10"
    "@esbuild/linux-arm64": "npm:0.19.10"
    "@esbuild/linux-ia32": "npm:0.19.10"
    "@esbuild/linux-loong64": "npm:0.19.10"
    "@esbuild/linux-mips64el": "npm:0.19.10"
    "@esbuild/linux-ppc64": "npm:0.19.10"
    "@esbuild/linux-riscv64": "npm:0.19.10"
    "@esbuild/linux-s390x": "npm:0.19.10"
    "@esbuild/linux-x64": "npm:0.19.10"
    "@esbuild/netbsd-x64": "npm:0.19.10"
    "@esbuild/openbsd-x64": "npm:0.19.10"
    "@esbuild/sunos-x64": "npm:0.19.10"
    "@esbuild/win32-arm64": "npm:0.19.10"
    "@esbuild/win32-ia32": "npm:0.19.10"
    "@esbuild/win32-x64": "npm:0.19.10"
  dependenciesMeta:
    "@esbuild/aix-ppc64":
      optional: true
    "@esbuild/android-arm":
      optional: true
    "@esbuild/android-arm64":
      optional: true
    "@esbuild/android-x64":
      optional: true
    "@esbuild/darwin-arm64":
      optional: true
    "@esbuild/darwin-x64":
      optional: true
    "@esbuild/freebsd-arm64":
      optional: true
    "@esbuild/freebsd-x64":
      optional: true
    "@esbuild/linux-arm":
      optional: true
    "@esbuild/linux-arm64":
      optional: true
    "@esbuild/linux-ia32":
      optional: true
    "@esbuild/linux-loong64":
      optional: true
    "@esbuild/linux-mips64el":
      optional: true
    "@esbuild/linux-ppc64":
      optional: true
    "@esbuild/linux-riscv64":
      optional: true
    "@esbuild/linux-s390x":
      optional: true
    "@esbuild/linux-x64":
      optional: true
    "@esbuild/netbsd-x64":
      optional: true
    "@esbuild/openbsd-x64":
      optional: true
    "@esbuild/sunos-x64":
      optional: true
    "@esbuild/win32-arm64":
      optional: true
    "@esbuild/win32-ia32":
      optional: true
    "@esbuild/win32-x64":
      optional: true
  bin:
    esbuild: bin/esbuild
  checksum: e2d9012e664f4c02add4c002548fda1d06434d5bdecbf1471c89c1b361e7f88f62ebf1187fae6940e5c58d60c3dd5b4c4972bbf2df95c30270bfcc77543b463e
  languageName: node
  linkType: hard

"js-tokens@npm:^3.0.0 || ^4.0.0":
  version: 4.0.0
  resolution: "js-tokens@npm:4.0.0"
  checksum: e248708d377aa058eacf2037b07ded847790e6de892bbad3dac0abba2e759cb9f121b00099a65195616badcb6eca8d14d975cb3e89eb1cfda644756402c8aeed
  languageName: node
  linkType: hard

"learn-react@workspace:.":
  version: 0.0.0-use.local
  resolution: "learn-react@workspace:."
  dependencies:
    "@types/react": "npm:^18.2.46"
    "@types/react-dom": "npm:^18.2.18"
    esbuild: "npm:^0.19.10"
    react: "npm:^18.2.0"
    react-dom: "npm:^18.2.0"
    typescript: "npm:^5.3.3"
  languageName: unknown
  linkType: soft

"loose-envify@npm:^1.1.0":
  version: 1.4.0
  resolution: "loose-envify@npm:1.4.0"
  dependencies:
    js-tokens: "npm:^3.0.0 || ^4.0.0"
  bin:
    loose-envify: cli.js
  checksum: 655d110220983c1a4b9c0c679a2e8016d4b67f6e9c7b5435ff5979ecdb20d0813f4dec0a08674fcbdd4846a3f07edbb50a36811fd37930b94aaa0d9daceb017e
  languageName: node
  linkType: hard

"react-dom@npm:^18.2.0":
  version: 18.2.0
  resolution: "react-dom@npm:18.2.0"
  dependencies:
    loose-envify: "npm:^1.1.0"
    scheduler: "npm:^0.23.0"
  peerDependencies:
    react: ^18.2.0
  checksum: 66dfc5f93e13d0674e78ef41f92ed21dfb80f9c4ac4ac25a4b51046d41d4d2186abc915b897f69d3d0ebbffe6184e7c5876f2af26bfa956f179225d921be713a
  languageName: node
  linkType: hard

"react@npm:^18.2.0":
  version: 18.2.0
  resolution: "react@npm:18.2.0"
  dependencies:
    loose-envify: "npm:^1.1.0"
  checksum: b562d9b569b0cb315e44b48099f7712283d93df36b19a39a67c254c6686479d3980b7f013dc931f4a5a3ae7645eae6386b4aa5eea933baa54ecd0f9acb0902b8
  languageName: node
  linkType: hard

"scheduler@npm:^0.23.0":
  version: 0.23.0
  resolution: "scheduler@npm:0.23.0"
  dependencies:
    loose-envify: "npm:^1.1.0"
  checksum: b777f7ca0115e6d93e126ac490dbd82642d14983b3079f58f35519d992fa46260be7d6e6cede433a92db70306310c6f5f06e144f0e40c484199e09c1f7be53dd
  languageName: node
  linkType: hard

"typescript@npm:^5.3.3":
  version: 5.3.3
  resolution: "typescript@npm:5.3.3"
  bin:
    tsc: bin/tsc
    tsserver: bin/tsserver
  checksum: e33cef99d82573624fc0f854a2980322714986bc35b9cb4d1ce736ed182aeab78e2cb32b385efa493b2a976ef52c53e20d6c6918312353a91850e2b76f1ea44f
  languageName: node
  linkType: hard

"typescript@patch:typescript@npm%3A^5.3.3#optional!builtin<compat/typescript>":
  version: 5.3.3
  resolution: "typescript@patch:typescript@npm%3A5.3.3#optional!builtin<compat/typescript>::version=5.3.3&hash=e012d7"
  bin:
    tsc: bin/tsc
    tsserver: bin/tsserver
  checksum: 1d0a5f4ce496c42caa9a30e659c467c5686eae15d54b027ee7866744952547f1be1262f2d40de911618c242b510029d51d43ff605dba8fb740ec85ca2d3f9500
  languageName: node
  linkType: hard
